{
  "name": "ajs_node",
  "version": "1.0.0",
  "lockfileVersion": 3,
  "requires": true,
  "packages": {
    "": {
      "name": "ajs_node",
      "version": "1.0.0",
      "license": "ISC",
      "dependencies": {
        "@dddarina/ajs": "^1.0.1"
      }
    },
    "node_modules/@dddarina/ajs": {
      "version": "1.0.1",
      "resolved": "https://npm.pkg.github.com/download/@dddarina/ajs/1.0.1/d2b51ef8fbd23f5d08383df57958c25a01107b7f",
      "integrity": "sha512-oXOGMsGHH0qQxd0Bz2P+2/xmWJrsuU5xpWq9szSR9NIo6Vm2zrXSIMJ1H7BAlvQwqBUVULWHcePeo8YOdGpPEg==",
      "license": "ISC"
    }
  }
}
